github.com/go-chi/chi/v5 v5.0.7 h1:rDTPXLDHGATaeHvVlLcR4Qe0zftYethFucbjVQ1PxU8=
github.com/go-chi/chi/v5 v5.0.7/go.mod h1:DslCQbL2OYiznFReuXYUmQ2hGd1aDpCnlMNITLSKoi8=
github.com/go-chi/cors v1.2.1 h1:xEC8UT3Rlp2QuWNEr4Fs/c2EAGVKBwy/1vHx3bppil4=
github.com/go-chi/cors v1.2.1/go.mod h1:sSbTewc+6wYHBBCW7ytsFSn836hqM7JxpglAy2Vzc58=
github.com/ptenteromano/jsontools v0.0.0-20220620040127-6bc8a3efe14e h1:Gp8f/Dqeow9iBgok5nYEqOjnQYGU6WuNJbVN691Ok0M=
github.com/ptenteromano/jsontools v0.0.0-20220620040127-6bc8a3efe14e/go.mod h1:BT3yinK7+1diKbwH1hxkcJU/DguPipiu0FdyewT71nE=
github.com/ptenteromano/jsontools v1.1.0 h1:xZdA1/WrrRz9GKtZe4XoaFh1nw9gwtOBGHTfYJLjruQ=
github.com/ptenteromano/jsontools v1.1.0/go.mod h1:BT3yinK7+1diKbwH1hxkcJU/DguPipiu0FdyewT71nE=
github.com/rabbitmq/amqp091-go v1.3.4 h1:tXuIslN1nhDqs2t6Jrz3BAoqvt4qIZzxvdbdcxWtHYU=
github.com/rabbitmq/amqp091-go v1.3.4/go.mod h1:ogQDLSOACsLPsIq0NpbtiifNZi2YOz0VTJ0kHRghqbM=
